
Microsoft Visual Studio Solution File, Format Version 12.00
# Visual Studio Version 17
VisualStudioVersion = 17.7.34024.191
MinimumVisualStudioVersion = 10.0.40219.1
Project("{9A19103F-16F7-4668-BE54-9A1E7A4F7556}") = "WebApi", "WebApi.csproj", "{A25C2FDC-7E2C-4C52-8884-F5EE46486736}"
EndProject
Global
	GlobalSection(SolutionConfigurationPlatforms) = preSolution
		Debug|Any CPU = Debug|Any CPU
		Release|Any CPU = Release|Any CPU
	EndGlobalSection
	GlobalSection(ProjectConfigurationPlatforms) = postSolution
		{A25C2FDC-7E2C-4C52-8884-F5EE46486736}.Debug|Any CPU.ActiveCfg = Debug|Any CPU
		{A25C2FDC-7E2C-4C52-8884-F5EE46486736}.Debug|Any CPU.Build.0 = Debug|Any CPU
		{A25C2FDC-7E2C-4C52-8884-F5EE46486736}.Release|Any CPU.ActiveCfg = Release|Any CPU
		{A25C2FDC-7E2C-4C52-8884-F5EE46486736}.Release|Any CPU.Build.0 = Release|Any CPU
	EndGlobalSection
	GlobalSection(SolutionProperties) = preSolution
		HideSolutionNode = FALSE
	EndGlobalSection
	GlobalSection(ExtensibilityGlobals) = postSolution
		SolutionGuid = {1676EA40-4324-4F35-897C-BC10B6A53995}
	EndGlobalSection
EndGlobal
